
Microsoft Visual Studio Solution File, Format Version 12.00
# Visual Studio 15
VisualStudioVersion = 15.0.27130.2027
MinimumVisualStudioVersion = 10.0.40219.1
Project("{FAE04EC0-301F-11D3-BF4B-00C04F79EFBC}") = "ImageRecognitionSample", "ImageRecognitionSample\ImageRecognitionSample.csproj", "{3C6E3D0E-937A-4676-BE48-0D94E487A2AA}"
EndProject
Global
	GlobalSection(SolutionConfigurationPlatforms) = preSolution
		Debug|Any CPU = Debug|Any CPU
		Release|Any CPU = Release|Any CPU
	EndGlobalSection
	GlobalSection(ProjectConfigurationPlatforms) = postSolution
		{3C6E3D0E-937A-4676-BE48-0D94E487A2AA}.Debug|Any CPU.ActiveCfg = Debug|Any CPU
		{3C6E3D0E-937A-4676-BE48-0D94E487A2AA}.Debug|Any CPU.Build.0 = Debug|Any CPU
		{3C6E3D0E-937A-4676-BE48-0D94E487A2AA}.Release|Any CPU.ActiveCfg = Release|Any CPU
		{3C6E3D0E-937A-4676-BE48-0D94E487A2AA}.Release|Any CPU.Build.0 = Release|Any CPU
	EndGlobalSection
	GlobalSection(SolutionProperties) = preSolution
		HideSolutionNode = FALSE
	EndGlobalSection
	GlobalSection(ExtensibilityGlobals) = postSolution
		SolutionGuid = {20C1537F-5BE1-449D-B52B-A46995BEDCDE}
	EndGlobalSection
EndGlobal
